// !$*UTF8*$!
{
	archiveVersion = 1;
	classes = {
	};
	objectVersion = 56;
	objects = {

/* Begin PBXBuildFile section */
		0807B5CA294EE50000FBA10C /* UserProvider.swift in Sources */ = {isa = PBXBuildFile; fileRef = 0807B5C9294EE50000FBA10C /* UserProvider.swift */; };
		0807B5CD294EE5B600FBA10C /* UserModel.swift in Sources */ = {isa = PBXBuildFile; fileRef = 0807B5CC294EE5B600FBA10C /* UserModel.swift */; };
		0807B5D0294EE98300FBA10C /* Constants.swift in Sources */ = {isa = PBXBuildFile; fileRef = 0807B5CF294EE98300FBA10C /* Constants.swift */; };
		0807B5D2294F2AA700FBA10C /* UserBusiness.swift in Sources */ = {isa = PBXBuildFile; fileRef = 0807B5D1294F2AA700FBA10C /* UserBusiness.swift */; };
		0807B5D4297838E300FBA10C /* UserManager.swift in Sources */ = {isa = PBXBuildFile; fileRef = 0807B5D3297838E300FBA10C /* UserManager.swift */; };
		083AD530297F2F04000682D3 /* SwiftArquiteturasTests.swift in Sources */ = {isa = PBXBuildFile; fileRef = 083AD52F297F2F04000682D3 /* SwiftArquiteturasTests.swift */; };
		083AD537297F3788000682D3 /* GoogleService-Info.plist in Resources */ = {isa = PBXBuildFile; fileRef = 083AD536297F3788000682D3 /* GoogleService-Info.plist */; };
		083AD53E29938C3A000682D3 /* HomeViewController.swift in Sources */ = {isa = PBXBuildFile; fileRef = 083AD53D29938C3A000682D3 /* HomeViewController.swift */; };
		08988014294C2E8200E26A97 /* AppDelegate.swift in Sources */ = {isa = PBXBuildFile; fileRef = 08988013294C2E8200E26A97 /* AppDelegate.swift */; };
		08988016294C2E8200E26A97 /* SceneDelegate.swift in Sources */ = {isa = PBXBuildFile; fileRef = 08988015294C2E8200E26A97 /* SceneDelegate.swift */; };
		0898801B294C2E8200E26A97 /* Main.storyboard in Resources */ = {isa = PBXBuildFile; fileRef = 08988019294C2E8200E26A97 /* Main.storyboard */; };
		0898801D294C2E8300E26A97 /* Assets.xcassets in Resources */ = {isa = PBXBuildFile; fileRef = 0898801C294C2E8300E26A97 /* Assets.xcassets */; };
		08988020294C2E8300E26A97 /* LaunchScreen.storyboard in Resources */ = {isa = PBXBuildFile; fileRef = 0898801E294C2E8300E26A97 /* LaunchScreen.storyboard */; };
		08E35E122994E27E009E5F66 /* LoginViewController.swift in Sources */ = {isa = PBXBuildFile; fileRef = 08E35E112994E27E009E5F66 /* LoginViewController.swift */; };
		08E35E152994EACB009E5F66 /* RegisterViewController.swift in Sources */ = {isa = PBXBuildFile; fileRef = 08E35E142994EACB009E5F66 /* RegisterViewController.swift */; };
		790B3E1688183505A7E865F5 /* Pods_SwiftArquiteturas.framework in Frameworks */ = {isa = PBXBuildFile; fileRef = CB52A6BC823952037BA9EE96 /* Pods_SwiftArquiteturas.framework */; };
/* End PBXBuildFile section */

/* Begin PBXContainerItemProxy section */
		083AD531297F2F04000682D3 /* PBXContainerItemProxy */ = {
			isa = PBXContainerItemProxy;
			containerPortal = 08988008294C2E8100E26A97 /* Project object */;
			proxyType = 1;
			remoteGlobalIDString = 0898800F294C2E8200E26A97;
			remoteInfo = SwiftArquiteturas;
		};
/* End PBXContainerItemProxy section */

/* Begin PBXFileReference section */
		0807B5C9294EE50000FBA10C /* UserProvider.swift */ = {isa = PBXFileReference; lastKnownFileType = sourcecode.swift; path = UserProvider.swift; sourceTree = "<group>"; };
		0807B5CC294EE5B600FBA10C /* UserModel.swift */ = {isa = PBXFileReference; lastKnownFileType = sourcecode.swift; path = UserModel.swift; sourceTree = "<group>"; };
		0807B5CF294EE98300FBA10C /* Constants.swift */ = {isa = PBXFileReference; lastKnownFileType = sourcecode.swift; path = Constants.swift; sourceTree = "<group>"; };
		0807B5D1294F2AA700FBA10C /* UserBusiness.swift */ = {isa = PBXFileReference; lastKnownFileType = sourcecode.swift; path = UserBusiness.swift; sourceTree = "<group>"; };
		0807B5D3297838E300FBA10C /* UserManager.swift */ = {isa = PBXFileReference; lastKnownFileType = sourcecode.swift; path = UserManager.swift; sourceTree = "<group>"; };
		083AD52D297F2F04000682D3 /* SwiftArquiteturasTests.xctest */ = {isa = PBXFileReference; explicitFileType = wrapper.cfbundle; includeInIndex = 0; path = SwiftArquiteturasTests.xctest; sourceTree = BUILT_PRODUCTS_DIR; };
		083AD52F297F2F04000682D3 /* SwiftArquiteturasTests.swift */ = {isa = PBXFileReference; lastKnownFileType = sourcecode.swift; path = SwiftArquiteturasTests.swift; sourceTree = "<group>"; };
		083AD536297F3788000682D3 /* GoogleService-Info.plist */ = {isa = PBXFileReference; fileEncoding = 4; lastKnownFileType = text.plist.xml; path = "GoogleService-Info.plist"; sourceTree = "<group>"; };
		083AD53D29938C3A000682D3 /* HomeViewController.swift */ = {isa = PBXFileReference; lastKnownFileType = sourcecode.swift; path = HomeViewController.swift; sourceTree = "<group>"; };
		08988010294C2E8200E26A97 /* SwiftArquiteturas.app */ = {isa = PBXFileReference; explicitFileType = wrapper.application; includeInIndex = 0; path = SwiftArquiteturas.app; sourceTree = BUILT_PRODUCTS_DIR; };
		08988013294C2E8200E26A97 /* AppDelegate.swift */ = {isa = PBXFileReference; lastKnownFileType = sourcecode.swift; path = AppDelegate.swift; sourceTree = "<group>"; };
		08988015294C2E8200E26A97 /* SceneDelegate.swift */ = {isa = PBXFileReference; lastKnownFileType = sourcecode.swift; path = SceneDelegate.swift; sourceTree = "<group>"; };
		0898801A294C2E8200E26A97 /* Base */ = {isa = PBXFileReference; lastKnownFileType = file.storyboard; name = Base; path = Base.lproj/Main.storyboard; sourceTree = "<group>"; };
		0898801C294C2E8300E26A97 /* Assets.xcassets */ = {isa = PBXFileReference; lastKnownFileType = folder.assetcatalog; path = Assets.xcassets; sourceTree = "<group>"; };
		0898801F294C2E8300E26A97 /* Base */ = {isa = PBXFileReference; lastKnownFileType = file.storyboard; name = Base; path = Base.lproj/LaunchScreen.storyboard; sourceTree = "<group>"; };
		08988021294C2E8300E26A97 /* Info.plist */ = {isa = PBXFileReference; lastKnownFileType = text.plist.xml; path = Info.plist; sourceTree = "<group>"; };
		08E35E112994E27E009E5F66 /* LoginViewController.swift */ = {isa = PBXFileReference; lastKnownFileType = sourcecode.swift; path = LoginViewController.swift; sourceTree = "<group>"; };
		08E35E142994EACB009E5F66 /* RegisterViewController.swift */ = {isa = PBXFileReference; lastKnownFileType = sourcecode.swift; path = RegisterViewController.swift; sourceTree = "<group>"; };
		A425E920C1354A954EC6E089 /* Pods-SwiftArquiteturas.debug.xcconfig */ = {isa = PBXFileReference; includeInIndex = 1; lastKnownFileType = text.xcconfig; name = "Pods-SwiftArquiteturas.debug.xcconfig"; path = "Target Support Files/Pods-SwiftArquiteturas/Pods-SwiftArquiteturas.debug.xcconfig"; sourceTree = "<group>"; };
		BDE99A5FA3E5D94FC4AAAC06 /* Pods-SwiftArquiteturas.release.xcconfig */ = {isa = PBXFileReference; includeInIndex = 1; lastKnownFileType = text.xcconfig; name = "Pods-SwiftArquiteturas.release.xcconfig"; path = "Target Support Files/Pods-SwiftArquiteturas/Pods-SwiftArquiteturas.release.xcconfig"; sourceTree = "<group>"; };
		CB52A6BC823952037BA9EE96 /* Pods_SwiftArquiteturas.framework */ = {isa = PBXFileReference; explicitFileType = wrapper.framework; includeInIndex = 0; path = Pods_SwiftArquiteturas.framework; sourceTree = BUILT_PRODUCTS_DIR; };
/* End PBXFileReference section */

/* Begin PBXFrameworksBuildPhase section */
		083AD52A297F2F04000682D3 /* Frameworks */ = {
			isa = PBXFrameworksBuildPhase;
			buildActionMask = 2147483647;
			files = (
			);
			runOnlyForDeploymentPostprocessing = 0;
		};
		0898800D294C2E8200E26A97 /* Frameworks */ = {
			isa = PBXFrameworksBuildPhase;
			buildActionMask = 2147483647;
			files = (
				790B3E1688183505A7E865F5 /* Pods_SwiftArquiteturas.framework in Frameworks */,
			);
			runOnlyForDeploymentPostprocessing = 0;
		};
/* End PBXFrameworksBuildPhase section */

/* Begin PBXGroup section */
		0807B5C4294C894100FBA10C /* API */ = {
			isa = PBXGroup;
			children = (
				0807B5CB294EE59D00FBA10C /* Model */,
				0807B5C7294C896700FBA10C /* Provider */,
				0807B5C6294C896100FBA10C /* Manager */,
				0807B5C5294C894E00FBA10C /* Business */,
			);
			path = API;
			sourceTree = "<group>";
		};
		0807B5C5294C894E00FBA10C /* Business */ = {
			isa = PBXGroup;
			children = (
				0807B5D1294F2AA700FBA10C /* UserBusiness.swift */,
			);
			path = Business;
			sourceTree = "<group>";
		};
		0807B5C6294C896100FBA10C /* Manager */ = {
			isa = PBXGroup;
			children = (
				0807B5D3297838E300FBA10C /* UserManager.swift */,
			);
			path = Manager;
			sourceTree = "<group>";
		};
		0807B5C7294C896700FBA10C /* Provider */ = {
			isa = PBXGroup;
			children = (
				0807B5C9294EE50000FBA10C /* UserProvider.swift */,
			);
			path = Provider;
			sourceTree = "<group>";
		};
		0807B5C8294C897E00FBA10C /* Source */ = {
			isa = PBXGroup;
			children = (
				08E35E132994EAB8009E5F66 /* Register */,
				08E35E102994E257009E5F66 /* Login */,
				08988013294C2E8200E26A97 /* AppDelegate.swift */,
				08988015294C2E8200E26A97 /* SceneDelegate.swift */,
				08988019294C2E8200E26A97 /* Main.storyboard */,
				0898801C294C2E8300E26A97 /* Assets.xcassets */,
				0898801E294C2E8300E26A97 /* LaunchScreen.storyboard */,
				083AD53D29938C3A000682D3 /* HomeViewController.swift */,
			);
			path = Source;
			sourceTree = "<group>";
		};
		0807B5CB294EE59D00FBA10C /* Model */ = {
			isa = PBXGroup;
			children = (
				0807B5CC294EE5B600FBA10C /* UserModel.swift */,
			);
			path = Model;
			sourceTree = "<group>";
		};
		0807B5CE294EE96F00FBA10C /* Infrastructure */ = {
			isa = PBXGroup;
			children = (
				0807B5CF294EE98300FBA10C /* Constants.swift */,
			);
			path = Infrastructure;
			sourceTree = "<group>";
		};
		083AD52E297F2F04000682D3 /* SwiftArquiteturasTests */ = {
			isa = PBXGroup;
			children = (
				083AD52F297F2F04000682D3 /* SwiftArquiteturasTests.swift */,
			);
			path = SwiftArquiteturasTests;
			sourceTree = "<group>";
		};
		08988007294C2E8100E26A97 = {
			isa = PBXGroup;
			children = (
				08988012294C2E8200E26A97 /* SwiftArquiteturas */,
				083AD52E297F2F04000682D3 /* SwiftArquiteturasTests */,
				08988011294C2E8200E26A97 /* Products */,
				4BBAC46C091D534D7CFD5E1F /* Pods */,
				BCDB00B8D7C65190344E0422 /* Frameworks */,
			);
			sourceTree = "<group>";
		};
		08988011294C2E8200E26A97 /* Products */ = {
			isa = PBXGroup;
			children = (
				08988010294C2E8200E26A97 /* SwiftArquiteturas.app */,
				083AD52D297F2F04000682D3 /* SwiftArquiteturasTests.xctest */,
			);
			name = Products;
			sourceTree = "<group>";
		};
		08988012294C2E8200E26A97 /* SwiftArquiteturas */ = {
			isa = PBXGroup;
			children = (
				0807B5CE294EE96F00FBA10C /* Infrastructure */,
				0807B5C8294C897E00FBA10C /* Source */,
				0807B5C4294C894100FBA10C /* API */,
				08988021294C2E8300E26A97 /* Info.plist */,
				083AD536297F3788000682D3 /* GoogleService-Info.plist */,
			);
			path = SwiftArquiteturas;
			sourceTree = "<group>";
		};
		08E35E102994E257009E5F66 /* Login */ = {
			isa = PBXGroup;
			children = (
				08E35E112994E27E009E5F66 /* LoginViewController.swift */,
			);
			path = Login;
			sourceTree = "<group>";
		};
		08E35E132994EAB8009E5F66 /* Register */ = {
			isa = PBXGroup;
			children = (
				08E35E142994EACB009E5F66 /* RegisterViewController.swift */,
			);
			path = Register;
			sourceTree = "<group>";
		};
		4BBAC46C091D534D7CFD5E1F /* Pods */ = {
			isa = PBXGroup;
			children = (
				A425E920C1354A954EC6E089 /* Pods-SwiftArquiteturas.debug.xcconfig */,
				BDE99A5FA3E5D94FC4AAAC06 /* Pods-SwiftArquiteturas.release.xcconfig */,
			);
			path = Pods;
			sourceTree = "<group>";
		};
		BCDB00B8D7C65190344E0422 /* Frameworks */ = {
			isa = PBXGroup;
			children = (
				CB52A6BC823952037BA9EE96 /* Pods_SwiftArquiteturas.framework */,
			);
			name = Frameworks;
			sourceTree = "<group>";
		};
/* End PBXGroup section */

/* Begin PBXNativeTarget section */
		083AD52C297F2F04000682D3 /* SwiftArquiteturasTests */ = {
			isa = PBXNativeTarget;
			buildConfigurationList = 083AD533297F2F04000682D3 /* Build configuration list for PBXNativeTarget "SwiftArquiteturasTests" */;
			buildPhases = (
				083AD529297F2F04000682D3 /* Sources */,
				083AD52A297F2F04000682D3 /* Frameworks */,
				083AD52B297F2F04000682D3 /* Resources */,
			);
			buildRules = (
			);
			dependencies = (
				083AD532297F2F04000682D3 /* PBXTargetDependency */,
			);
			name = SwiftArquiteturasTests;
			productName = SwiftArquiteturasTests;
			productReference = 083AD52D297F2F04000682D3 /* SwiftArquiteturasTests.xctest */;
			productType = "com.apple.product-type.bundle.unit-test";
		};
		0898800F294C2E8200E26A97 /* SwiftArquiteturas */ = {
			isa = PBXNativeTarget;
			buildConfigurationList = 08988024294C2E8300E26A97 /* Build configuration list for PBXNativeTarget "SwiftArquiteturas" */;
			buildPhases = (
				3715246BE55A79CC906D3D41 /* [CP] Check Pods Manifest.lock */,
				0898800C294C2E8200E26A97 /* Sources */,
				0898800D294C2E8200E26A97 /* Frameworks */,
				0898800E294C2E8200E26A97 /* Resources */,
				D11B226E9260FD6E7A541ED5 /* [CP] Embed Pods Frameworks */,
			);
			buildRules = (
			);
			dependencies = (
			);
			name = SwiftArquiteturas;
			productName = SwiftArquiteturas;
			productReference = 08988010294C2E8200E26A97 /* SwiftArquiteturas.app */;
			productType = "com.apple.product-type.application";
		};
/* End PBXNativeTarget section */

/* Begin PBXProject section */
		08988008294C2E8100E26A97 /* Project object */ = {
			isa = PBXProject;
			attributes = {
				BuildIndependentTargetsInParallel = 1;
				LastSwiftUpdateCheck = 1400;
				LastUpgradeCheck = 1400;
				TargetAttributes = {
					083AD52C297F2F04000682D3 = {
						CreatedOnToolsVersion = 14.0;
						TestTargetID = 0898800F294C2E8200E26A97;
					};
					0898800F294C2E8200E26A97 = {
						CreatedOnToolsVersion = 14.0;
					};
				};
			};
			buildConfigurationList = 0898800B294C2E8100E26A97 /* Build configuration list for PBXProject "SwiftArquiteturas" */;
			compatibilityVersion = "Xcode 14.0";
			developmentRegion = en;
			hasScannedForEncodings = 0;
			knownRegions = (
				en,
				Base,
			);
			mainGroup = 08988007294C2E8100E26A97;
			productRefGroup = 08988011294C2E8200E26A97 /* Products */;
			projectDirPath = "";
			projectRoot = "";
			targets = (
				0898800F294C2E8200E26A97 /* SwiftArquiteturas */,
				083AD52C297F2F04000682D3 /* SwiftArquiteturasTests */,
			);
		};
/* End PBXProject section */

/* Begin PBXResourcesBuildPhase section */
		083AD52B297F2F04000682D3 /* Resources */ = {
			isa = PBXResourcesBuildPhase;
			buildActionMask = 2147483647;
			files = (
			);
			runOnlyForDeploymentPostprocessing = 0;
		};
		0898800E294C2E8200E26A97 /* Resources */ = {
			isa = PBXResourcesBuildPhase;
			buildActionMask = 2147483647;
			files = (
				08988020294C2E8300E26A97 /* LaunchScreen.storyboard in Resources */,
				083AD537297F3788000682D3 /* GoogleService-Info.plist in Resources */,
				0898801D294C2E8300E26A97 /* Assets.xcassets in Resources */,
				0898801B294C2E8200E26A97 /* Main.storyboard in Resources */,
			);
			runOnlyForDeploymentPostprocessing = 0;
		};
/* End PBXResourcesBuildPhase section */

/* Begin PBXShellScriptBuildPhase section */
		3715246BE55A79CC906D3D41 /* [CP] Check Pods Manifest.lock */ = {
			isa = PBXShellScriptBuildPhase;
			buildActionMask = 2147483647;
			files = (
			);
			inputFileListPaths = (
			);
			inputPaths = (
				"${PODS_PODFILE_DIR_PATH}/Podfile.lock",
				"${PODS_ROOT}/Manifest.lock",
			);
			name = "[CP] Check Pods Manifest.lock";
			outputFileListPaths = (
			);
			outputPaths = (
				"$(DERIVED_FILE_DIR)/Pods-SwiftArquiteturas-checkManifestLockResult.txt",
			);
			runOnlyForDeploymentPostprocessing = 0;
			shellPath = /bin/sh;
			shellScript = "diff \"${PODS_PODFILE_DIR_PATH}/Podfile.lock\" \"${PODS_ROOT}/Manifest.lock\" > /dev/null\nif [ $? != 0 ] ; then\n    # print error to STDERR\n    echo \"error: The sandbox is not in sync with the Podfile.lock. Run 'pod install' or update your CocoaPods installation.\" >&2\n    exit 1\nfi\n# This output is used by Xcode 'outputs' to avoid re-running this script phase.\necho \"SUCCESS\" > \"${SCRIPT_OUTPUT_FILE_0}\"\n";
			showEnvVarsInLog = 0;
		};
		D11B226E9260FD6E7A541ED5 /* [CP] Embed Pods Frameworks */ = {
			isa = PBXShellScriptBuildPhase;
			buildActionMask = 2147483647;
			files = (
			);
			inputFileListPaths = (
				"${PODS_ROOT}/Target Support Files/Pods-SwiftArquiteturas/Pods-SwiftArquiteturas-frameworks-${CONFIGURATION}-input-files.xcfilelist",
			);
			name = "[CP] Embed Pods Frameworks";
			outputFileListPaths = (
				"${PODS_ROOT}/Target Support Files/Pods-SwiftArquiteturas/Pods-SwiftArquiteturas-frameworks-${CONFIGURATION}-output-files.xcfilelist",
			);
			runOnlyForDeploymentPostprocessing = 0;
			shellPath = /bin/sh;
			shellScript = "\"${PODS_ROOT}/Target Support Files/Pods-SwiftArquiteturas/Pods-SwiftArquiteturas-frameworks.sh\"\n";
			showEnvVarsInLog = 0;
		};
/* End PBXShellScriptBuildPhase section */

/* Begin PBXSourcesBuildPhase section */
		083AD529297F2F04000682D3 /* Sources */ = {
			isa = PBXSourcesBuildPhase;
			buildActionMask = 2147483647;
			files = (
				083AD530297F2F04000682D3 /* SwiftArquiteturasTests.swift in Sources */,
			);
			runOnlyForDeploymentPostprocessing = 0;
		};
		0898800C294C2E8200E26A97 /* Sources */ = {
			isa = PBXSourcesBuildPhase;
			buildActionMask = 2147483647;
			files = (
				08E35E122994E27E009E5F66 /* LoginViewController.swift in Sources */,
				08E35E152994EACB009E5F66 /* RegisterViewController.swift in Sources */,
				08988014294C2E8200E26A97 /* AppDelegate.swift in Sources */,
				08988016294C2E8200E26A97 /* SceneDelegate.swift in Sources */,
				0807B5CD294EE5B600FBA10C /* UserModel.swift in Sources */,
				083AD53E29938C3A000682D3 /* HomeViewController.swift in Sources */,
				0807B5CA294EE50000FBA10C /* UserProvider.swift in Sources */,
				0807B5D0294EE98300FBA10C /* Constants.swift in Sources */,
				0807B5D4297838E300FBA10C /* UserManager.swift in Sources */,
				0807B5D2294F2AA700FBA10C /* UserBusiness.swift in Sources */,
			);
			runOnlyForDeploymentPostprocessing = 0;
		};
/* End PBXSourcesBuildPhase section */

/* Begin PBXTargetDependency section */
		083AD532297F2F04000682D3 /* PBXTargetDependency */ = {
			isa = PBXTargetDependency;
			target = 0898800F294C2E8200E26A97 /* SwiftArquiteturas */;
			targetProxy = 083AD531297F2F04000682D3 /* PBXContainerItemProxy */;
		};
/* End PBXTargetDependency section */

/* Begin PBXVariantGroup section */
		08988019294C2E8200E26A97 /* Main.storyboard */ = {
			isa = PBXVariantGroup;
			children = (
				0898801A294C2E8200E26A97 /* Base */,
			);
			name = Main.storyboard;
			sourceTree = "<group>";
		};
		0898801E294C2E8300E26A97 /* LaunchScreen.storyboard */ = {
			isa = PBXVariantGroup;
			children = (
				0898801F294C2E8300E26A97 /* Base */,
			);
			name = LaunchScreen.storyboard;
			sourceTree = "<group>";
		};
/* End PBXVariantGroup section */

/* Begin XCBuildConfiguration section */
		083AD534297F2F04000682D3 /* Debug */ = {
			isa = XCBuildConfiguration;
			buildSettings = {
				BUNDLE_LOADER = "$(TEST_HOST)";
				CODE_SIGN_STYLE = Automatic;
				CURRENT_PROJECT_VERSION = 1;
				DEVELOPMENT_TEAM = TQJ8B2DX6J;
				GENERATE_INFOPLIST_FILE = YES;
				MARKETING_VERSION = 1.0;
				PRODUCT_BUNDLE_IDENTIFIER = br.com.davicapistrano.SwiftArquiteturas;
				PRODUCT_NAME = "$(TARGET_NAME)";
				SWIFT_EMIT_LOC_STRINGS = NO;
				SWIFT_VERSION = 5.0;
				TARGETED_DEVICE_FAMILY = "1,2";
				TEST_HOST = "$(BUILT_PRODUCTS_DIR)/SwiftArquiteturas.app/$(BUNDLE_EXECUTABLE_FOLDER_PATH)/SwiftArquiteturas";
			};
			name = Debug;
		};
		083AD535297F2F04000682D3 /* Release */ = {
			isa = XCBuildConfiguration;
			buildSettings = {
				BUNDLE_LOADER = "$(TEST_HOST)";
				CODE_SIGN_STYLE = Automatic;
				CURRENT_PROJECT_VERSION = 1;
				DEVELOPMENT_TEAM = TQJ8B2DX6J;
				GENERATE_INFOPLIST_FILE = YES;
				MARKETING_VERSION = 1.0;
				PRODUCT_BUNDLE_IDENTIFIER = br.com.davicapistrano.SwiftArquiteturas;
				PRODUCT_NAME = "$(TARGET_NAME)";
				SWIFT_EMIT_LOC_STRINGS = NO;
				SWIFT_VERSION = 5.0;
				TARGETED_DEVICE_FAMILY = "1,2";
				TEST_HOST = "$(BUILT_PRODUCTS_DIR)/SwiftArquiteturas.app/$(BUNDLE_EXECUTABLE_FOLDER_PATH)/SwiftArquiteturas";
			};
			name = Release;
		};
		08988022294C2E8300E26A97 /* Debug */ = {
			isa = XCBuildConfiguration;
			buildSettings = {
				ALWAYS_SEARCH_USER_PATHS = NO;
				CLANG_ANALYZER_NONNULL = YES;
				CLANG_ANALYZER_NUMBER_OBJECT_CONVERSION = YES_AGGRESSIVE;
				CLANG_CXX_LANGUAGE_STANDARD = "gnu++20";
				CLANG_ENABLE_MODULES = YES;
				CLANG_ENABLE_OBJC_ARC = YES;
				CLANG_ENABLE_OBJC_WEAK = YES;
				CLANG_WARN_BLOCK_CAPTURE_AUTORELEASING = YES;
				CLANG_WARN_BOOL_CONVERSION = YES;
				CLANG_WARN_COMMA = YES;
				CLANG_WARN_CONSTANT_CONVERSION = YES;
				CLANG_WARN_DEPRECATED_OBJC_IMPLEMENTATIONS = YES;
				CLANG_WARN_DIRECT_OBJC_ISA_USAGE = YES_ERROR;
				CLANG_WARN_DOCUMENTATION_COMMENTS = YES;
				CLANG_WARN_EMPTY_BODY = YES;
				CLANG_WARN_ENUM_CONVERSION = YES;
				CLANG_WARN_INFINITE_RECURSION = YES;
				CLANG_WARN_INT_CONVERSION = YES;
				CLANG_WARN_NON_LITERAL_NULL_CONVERSION = YES;
				CLANG_WARN_OBJC_IMPLICIT_RETAIN_SELF = YES;
				CLANG_WARN_OBJC_LITERAL_CONVERSION = YES;
				CLANG_WARN_OBJC_ROOT_CLASS = YES_ERROR;
				CLANG_WARN_QUOTED_INCLUDE_IN_FRAMEWORK_HEADER = YES;
				CLANG_WARN_RANGE_LOOP_ANALYSIS = YES;
				CLANG_WARN_STRICT_PROTOTYPES = YES;
				CLANG_WARN_SUSPICIOUS_MOVE = YES;
				CLANG_WARN_UNGUARDED_AVAILABILITY = YES_AGGRESSIVE;
				CLANG_WARN_UNREACHABLE_CODE = YES;
				CLANG_WARN__DUPLICATE_METHOD_MATCH = YES;
				COPY_PHASE_STRIP = NO;
				DEBUG_INFORMATION_FORMAT = dwarf;
				ENABLE_STRICT_OBJC_MSGSEND = YES;
				ENABLE_TESTABILITY = YES;
				GCC_C_LANGUAGE_STANDARD = gnu11;
				GCC_DYNAMIC_NO_PIC = NO;
				GCC_NO_COMMON_BLOCKS = YES;
				GCC_OPTIMIZATION_LEVEL = 0;
				GCC_PREPROCESSOR_DEFINITIONS = (
					"DEBUG=1",
					"$(inherited)",
				);
				GCC_WARN_64_TO_32_BIT_CONVERSION = YES;
				GCC_WARN_ABOUT_RETURN_TYPE = YES_ERROR;
				GCC_WARN_UNDECLARED_SELECTOR = YES;
				GCC_WARN_UNINITIALIZED_AUTOS = YES_AGGRESSIVE;
				GCC_WARN_UNUSED_FUNCTION = YES;
				GCC_WARN_UNUSED_VARIABLE = YES;
				IPHONEOS_DEPLOYMENT_TARGET = 16.0;
				MTL_ENABLE_DEBUG_INFO = INCLUDE_SOURCE;
				MTL_FAST_MATH = YES;
				ONLY_ACTIVE_ARCH = YES;
				SDKROOT = iphoneos;
				SWIFT_ACTIVE_COMPILATION_CONDITIONS = DEBUG;
				SWIFT_OPTIMIZATION_LEVEL = "-Onone";
			};
			name = Debug;
		};
		08988023294C2E8300E26A97 /* Release */ = {
			isa = XCBuildConfiguration;
			buildSettings = {
				ALWAYS_SEARCH_USER_PATHS = NO;
				CLANG_ANALYZER_NONNULL = YES;
				CLANG_ANALYZER_NUMBER_OBJECT_CONVERSION = YES_AGGRESSIVE;
				CLANG_CXX_LANGUAGE_STANDARD = "gnu++20";
				CLANG_ENABLE_MODULES = YES;
				CLANG_ENABLE_OBJC_ARC = YES;
				CLANG_ENABLE_OBJC_WEAK = YES;
				CLANG_WARN_BLOCK_CAPTURE_AUTORELEASING = YES;
				CLANG_WARN_BOOL_CONVERSION = YES;
				CLANG_WARN_COMMA = YES;
				CLANG_WARN_CONSTANT_CONVERSION = YES;
				CLANG_WARN_DEPRECATED_OBJC_IMPLEMENTATIONS = YES;
				CLANG_WARN_DIRECT_OBJC_ISA_USAGE = YES_ERROR;
				CLANG_WARN_DOCUMENTATION_COMMENTS = YES;
				CLANG_WARN_EMPTY_BODY = YES;
				CLANG_WARN_ENUM_CONVERSION = YES;
				CLANG_WARN_INFINITE_RECURSION = YES;
				CLANG_WARN_INT_CONVERSION = YES;
				CLANG_WARN_NON_LITERAL_NULL_CONVERSION = YES;
				CLANG_WARN_OBJC_IMPLICIT_RETAIN_SELF = YES;
				CLANG_WARN_OBJC_LITERAL_CONVERSION = YES;
				CLANG_WARN_OBJC_ROOT_CLASS = YES_ERROR;
				CLANG_WARN_QUOTED_INCLUDE_IN_FRAMEWORK_HEADER = YES;
				CLANG_WARN_RANGE_LOOP_ANALYSIS = YES;
				CLANG_WARN_STRICT_PROTOTYPES = YES;
				CLANG_WARN_SUSPICIOUS_MOVE = YES;
				CLANG_WARN_UNGUARDED_AVAILABILITY = YES_AGGRESSIVE;
				CLANG_WARN_UNREACHABLE_CODE = YES;
				CLANG_WARN__DUPLICATE_METHOD_MATCH = YES;
				COPY_PHASE_STRIP = NO;
				DEBUG_INFORMATION_FORMAT = "dwarf-with-dsym";
				ENABLE_NS_ASSERTIONS = NO;
				ENABLE_STRICT_OBJC_MSGSEND = YES;
				GCC_C_LANGUAGE_STANDARD = gnu11;
				GCC_NO_COMMON_BLOCKS = YES;
				GCC_WARN_64_TO_32_BIT_CONVERSION = YES;
				GCC_WARN_ABOUT_RETURN_TYPE = YES_ERROR;
				GCC_WARN_UNDECLARED_SELECTOR = YES;
				GCC_WARN_UNINITIALIZED_AUTOS = YES_AGGRESSIVE;
				GCC_WARN_UNUSED_FUNCTION = YES;
				GCC_WARN_UNUSED_VARIABLE = YES;
				IPHONEOS_DEPLOYMENT_TARGET = 16.0;
				MTL_ENABLE_DEBUG_INFO = NO;
				MTL_FAST_MATH = YES;
				SDKROOT = iphoneos;
				SWIFT_COMPILATION_MODE = wholemodule;
				SWIFT_OPTIMIZATION_LEVEL = "-O";
				VALIDATE_PRODUCT = YES;
			};
			name = Release;
		};
		08988025294C2E8300E26A97 /* Debug */ = {
			isa = XCBuildConfiguration;
			baseConfigurationReference = A425E920C1354A954EC6E089 /* Pods-SwiftArquiteturas.debug.xcconfig */;
			buildSettings = {
				ASSETCATALOG_COMPILER_APPICON_NAME = AppIcon;
				ASSETCATALOG_COMPILER_GLOBAL_ACCENT_COLOR_NAME = AccentColor;
				CODE_SIGN_STYLE = Automatic;
				CURRENT_PROJECT_VERSION = 1;
				DEVELOPMENT_TEAM = TQJ8B2DX6J;
				GENERATE_INFOPLIST_FILE = YES;
				INFOPLIST_FILE = SwiftArquiteturas/Info.plist;
				INFOPLIST_KEY_UIApplicationSupportsIndirectInputEvents = YES;
				INFOPLIST_KEY_UILaunchStoryboardName = LaunchScreen;
				INFOPLIST_KEY_UIMainStoryboardFile = Main;
				INFOPLIST_KEY_UISupportedInterfaceOrientations_iPad = "UIInterfaceOrientationPortrait UIInterfaceOrientationPortraitUpsideDown UIInterfaceOrientationLandscapeLeft UIInterfaceOrientationLandscapeRight";
				INFOPLIST_KEY_UISupportedInterfaceOrientations_iPhone = "UIInterfaceOrientationPortrait UIInterfaceOrientationLandscapeLeft UIInterfaceOrientationLandscapeRight";
				LD_RUNPATH_SEARCH_PATHS = (
					"$(inherited)",
					"@executable_path/Frameworks",
				);
				MARKETING_VERSION = 1.0;
				PRODUCT_BUNDLE_IDENTIFIER = br.com.davicapistrano.SwiftArquiteturas;
				PRODUCT_NAME = "$(TARGET_NAME)";
				SWIFT_EMIT_LOC_STRINGS = YES;
				SWIFT_VERSION = 5.0;
				TARGETED_DEVICE_FAMILY = "1,2";
			};
			name = Debug;
		};
		08988026294C2E8300E26A97 /* Release */ = {
			isa = XCBuildConfiguration;
			baseConfigurationReference = BDE99A5FA3E5D94FC4AAAC06 /* Pods-SwiftArquiteturas.release.xcconfig */;
			buildSettings = {
				ASSETCATALOG_COMPILER_APPICON_NAME = AppIcon;
				ASSETCATALOG_COMPILER_GLOBAL_ACCENT_COLOR_NAME = AccentColor;
				CODE_SIGN_STYLE = Automatic;
				CURRENT_PROJECT_VERSION = 1;
				DEVELOPMENT_TEAM = TQJ8B2DX6J;
				GENERATE_INFOPLIST_FILE = YES;
				INFOPLIST_FILE = SwiftArquiteturas/Info.plist;
				INFOPLIST_KEY_UIApplicationSupportsIndirectInputEvents = YES;
				INFOPLIST_KEY_UILaunchStoryboardName = LaunchScreen;
				INFOPLIST_KEY_UIMainStoryboardFile = Main;
				INFOPLIST_KEY_UISupportedInterfaceOrientations_iPad = "UIInterfaceOrientationPortrait UIInterfaceOrientationPortraitUpsideDown UIInterfaceOrientationLandscapeLeft UIInterfaceOrientationLandscapeRight";
				INFOPLIST_KEY_UISupportedInterfaceOrientations_iPhone = "UIInterfaceOrientationPortrait UIInterfaceOrientationLandscapeLeft UIInterfaceOrientationLandscapeRight";
				LD_RUNPATH_SEARCH_PATHS = (
					"$(inherited)",
					"@executable_path/Frameworks",
				);
				MARKETING_VERSION = 1.0;
				PRODUCT_BUNDLE_IDENTIFIER = br.com.davicapistrano.SwiftArquiteturas;
				PRODUCT_NAME = "$(TARGET_NAME)";
				SWIFT_EMIT_LOC_STRINGS = YES;
				SWIFT_VERSION = 5.0;
				TARGETED_DEVICE_FAMILY = "1,2";
			};
			name = Release;
		};
/* End XCBuildConfiguration section */

/* Begin XCConfigurationList section */
		083AD533297F2F04000682D3 /* Build configuration list for PBXNativeTarget "SwiftArquiteturasTests" */ = {
			isa = XCConfigurationList;
			buildConfigurations = (
				083AD534297F2F04000682D3 /* Debug */,
				083AD535297F2F04000682D3 /* Release */,
			);
			defaultConfigurationIsVisible = 0;
			defaultConfigurationName = Release;
		};
		0898800B294C2E8100E26A97 /* Build configuration list for PBXProject "SwiftArquiteturas" */ = {
			isa = XCConfigurationList;
			buildConfigurations = (
				08988022294C2E8300E26A97 /* Debug */,
				08988023294C2E8300E26A97 /* Release */,
			);
			defaultConfigurationIsVisible = 0;
			defaultConfigurationName = Release;
		};
		08988024294C2E8300E26A97 /* Build configuration list for PBXNativeTarget "SwiftArquiteturas" */ = {
			isa = XCConfigurationList;
			buildConfigurations = (
				08988025294C2E8300E26A97 /* Debug */,
				08988026294C2E8300E26A97 /* Release */,
			);
			defaultConfigurationIsVisible = 0;
			defaultConfigurationName = Release;
		};
/* End XCConfigurationList section */
	};
	rootObject = 08988008294C2E8100E26A97 /* Project object */;
}
